Microsoft Visual Studio Solution File, Format Version 12.00
# Visual Studio Version 17
VisualStudioVersion = 17.10.34607.79
MinimumVisualStudioVersion = 10.0.40219.1
Project("{FAE04EC0-301F-11D3-BF4B-00C04F79EFBC}") = "AspireCloudLab.AppHost", "AspireCloudLab.AppHost\AspireCloudLab.AppHost.csproj", "{6A5649AE-6BA6-446F-B267-2812B824A6A1}"
EndProject
Project("{9A19103F-16F7-4668-BE54-9A1E7A4F7556}") = "AspireCloudLab.ServiceDefaults", "AspireCloudLab.ServiceDefaults\AspireCloudLab.ServiceDefaults.csproj", "{D0303522-BF50-4E79-A8F6-91E9BB89D961}"
EndProject
Project("{9A19103F-16F7-4668-BE54-9A1E7A4F7556}") = "AspireCloudLab.ApiService", "AspireCloudLab.ApiService\AspireCloudLab.ApiService.csproj", "{B05A510F-8DED-44A0-B1CD-9FCF0D9BEA7C}"
EndProject
Project("{9A19103F-16F7-4668-BE54-9A1E7A4F7556}") = "AspireCloudLab.Web", "AspireCloudLab.Web\AspireCloudLab.Web.csproj", "{806AE0F7-9FAE-41AF-8799-E80133B0984C}"
EndProject
Project("{FAE04EC0-301F-11D3-BF4B-00C04F79EFBC}") = "AspireCloudLab.WeatherApp.Api", "AspireCloudLab.WeatherApp.Api\AspireCloudLab.WeatherApp.Api.csproj", "{E615F59E-D837-4D70-8BD8-113E98092B57}"
EndProject
Global
	GlobalSection(SolutionConfigurationPlatforms) = preSolution
		Debug|Any CPU = Debug|Any CPU
		Release|Any CPU = Release|Any CPU
	EndGlobalSection
	GlobalSection(ProjectConfigurationPlatforms) = postSolution
		{6A5649AE-6BA6-446F-B267-2812B824A6A1}.Debug|Any CPU.ActiveCfg = Debug|Any CPU
		{6A5649AE-6BA6-446F-B267-2812B824A6A1}.Debug|Any CPU.Build.0 = Debug|Any CPU
		{6A5649AE-6BA6-446F-B267-2812B824A6A1}.Release|Any CPU.ActiveCfg = Release|Any CPU
		{6A5649AE-6BA6-446F-B267-2812B824A6A1}.Release|Any CPU.Build.0 = Release|Any CPU
		{D0303522-BF50-4E79-A8F6-91E9BB89D961}.Debug|Any CPU.ActiveCfg = Debug|Any CPU
		{D0303522-BF50-4E79-A8F6-91E9BB89D961}.Debug|Any CPU.Build.0 = Debug|Any CPU
		{D0303522-BF50-4E79-A8F6-91E9BB89D961}.Release|Any CPU.ActiveCfg = Release|Any CPU
		{D0303522-BF50-4E79-A8F6-91E9BB89D961}.Release|Any CPU.Build.0 = Release|Any CPU
		{B05A510F-8DED-44A0-B1CD-9FCF0D9BEA7C}.Debug|Any CPU.ActiveCfg = Debug|Any CPU
		{B05A510F-8DED-44A0-B1CD-9FCF0D9BEA7C}.Debug|Any CPU.Build.0 = Debug|Any CPU
		{B05A510F-8DED-44A0-B1CD-9FCF0D9BEA7C}.Release|Any CPU.ActiveCfg = Release|Any CPU
		{B05A510F-8DED-44A0-B1CD-9FCF0D9BEA7C}.Release|Any CPU.Build.0 = Release|Any CPU
		{806AE0F7-9FAE-41AF-8799-E80133B0984C}.Debug|Any CPU.ActiveCfg = Debug|Any CPU
		{806AE0F7-9FAE-41AF-8799-E80133B0984C}.Debug|Any CPU.Build.0 = Debug|Any CPU
		{806AE0F7-9FAE-41AF-8799-E80133B0984C}.Release|Any CPU.ActiveCfg = Release|Any CPU
		{806AE0F7-9FAE-41AF-8799-E80133B0984C}.Release|Any CPU.Build.0 = Release|Any CPU
		{E615F59E-D837-4D70-8BD8-113E98092B57}.Debug|Any CPU.ActiveCfg = Debug|Any CPU
		{E615F59E-D837-4D70-8BD8-113E98092B57}.Debug|Any CPU.Build.0 = Debug|Any CPU
		{E615F59E-D837-4D70-8BD8-113E98092B57}.Release|Any CPU.ActiveCfg = Release|Any CPU
		{E615F59E-D837-4D70-8BD8-113E98092B57}.Release|Any CPU.Build.0 = Release|Any CPU
	EndGlobalSection
	GlobalSection(SolutionProperties) = preSolution
		HideSolutionNode = FALSE
	EndGlobalSection
	GlobalSection(ExtensibilityGlobals) = postSolution
		SolutionGuid = {478E5932-0419-4FC4-BEF7-65F0CE5FBC39}
	EndGlobalSection
	GlobalSection(NestedProjects) = preSolution
	EndGlobalSection
EndGlobal
